
Microsoft Visual Studio Solution File, Format Version 12.00
# Visual Studio 15
VisualStudioVersion = 15.0.26730.8
MinimumVisualStudioVersion = 10.0.40219.1
Project("{9A19103F-16F7-4668-BE54-9A1E7A4F7556}") = "AndCultureDemo", "AndCultureDemo\AndCultureDemo.csproj", "{D94E90FC-F757-46BB-80CF-BA4DDFAB61E9}"
EndProject
Project("{E53339B2-1760-4266-BCC7-CA923CBCF16C}") = "docker-compose", "docker-compose.dcproj", "{8733D90D-E487-4AB5-89B7-634162E7B623}"
EndProject
Global
	GlobalSection(SolutionConfigurationPlatforms) = preSolution
		Debug|Any CPU = Debug|Any CPU
		Release|Any CPU = Release|Any CPU
	EndGlobalSection
	GlobalSection(ProjectConfigurationPlatforms) = postSolution
		{D94E90FC-F757-46BB-80CF-BA4DDFAB61E9}.Debug|Any CPU.ActiveCfg = Debug|Any CPU
		{D94E90FC-F757-46BB-80CF-BA4DDFAB61E9}.Debug|Any CPU.Build.0 = Debug|Any CPU
		{D94E90FC-F757-46BB-80CF-BA4DDFAB61E9}.Release|Any CPU.ActiveCfg = Release|Any CPU
		{D94E90FC-F757-46BB-80CF-BA4DDFAB61E9}.Release|Any CPU.Build.0 = Release|Any CPU
		{8733D90D-E487-4AB5-89B7-634162E7B623}.Debug|Any CPU.ActiveCfg = Debug|Any CPU
		{8733D90D-E487-4AB5-89B7-634162E7B623}.Debug|Any CPU.Build.0 = Debug|Any CPU
		{8733D90D-E487-4AB5-89B7-634162E7B623}.Release|Any CPU.ActiveCfg = Release|Any CPU
		{8733D90D-E487-4AB5-89B7-634162E7B623}.Release|Any CPU.Build.0 = Release|Any CPU
	EndGlobalSection
	GlobalSection(SolutionProperties) = preSolution
		HideSolutionNode = FALSE
	EndGlobalSection
	GlobalSection(ExtensibilityGlobals) = postSolution
		SolutionGuid = {FA4547F4-BC2B-410D-AB6F-939AF05141BA}
	EndGlobalSection
EndGlobal
